{
  "nodes": {
    "nixpkgs": {
      "locked": {
        "lastModified": 1708294118,
        "narHash": "sha256-evZzmLW7qoHXf76VCepvun1esZDxHfVRFUJtumD7L2M=",
        "owner": "NixOS",
        "repo": "nixpkgs",
        "rev": "e0da498ad77ac8909a980f07eff060862417ccf7",
        "type": "github"
      },
      "original": {
        "owner": "NixOS",
        "ref": "nixos-23.11",
        "repo": "nixpkgs",
        "type": "github"
      }
    },
    "nixpkgs-mozilla": {
      "locked": {
        "lastModified": 1704373101,
        "narHash": "sha256-+gi59LRWRQmwROrmE1E2b3mtocwueCQqZ60CwLG+gbg=",
        "owner": "mozilla",
        "repo": "nixpkgs-mozilla",
        "rev": "9b11a87c0cc54e308fa83aac5b4ee1816d5418a2",
        "type": "github"
      },
      "original": {
        "owner": "mozilla",
        "ref": "master",
        "repo": "nixpkgs-mozilla",
        "type": "github"
      }
    },
    "root": {
      "inputs": {
        "nixpkgs": "nixpkgs",
        "nixpkgs-mozilla": "nixpkgs-mozilla"
      }
    }
  },
  "root": "root",
  "version": 7
}
